
Microsoft Visual Studio Solution File, Format Version 12.00
# Visual Studio Version 16
VisualStudioVersion = 16.0.30406.217
MinimumVisualStudioVersion = 10.0.40219.1
Project("{FAE04EC0-301F-11D3-BF4B-00C04F79EFBC}") = "AppGetRequestPhp.Android", "AppGetRequestPhp.Android\AppGetRequestPhp.Android.csproj", "{128AAC24-9730-424F-8FCE-E5480CB810BF}"
EndProject
Project("{FAE04EC0-301F-11D3-BF4B-00C04F79EFBC}") = "AppGetRequestPhp", "AppGetRequestPhp\AppGetRequestPhp.csproj", "{7429932A-0110-4D3D-B430-390362FF6750}"
EndProject
Global
	GlobalSection(SolutionConfigurationPlatforms) = preSolution
		Debug|Any CPU = Debug|Any CPU
		Release|Any CPU = Release|Any CPU
	EndGlobalSection
	GlobalSection(ProjectConfigurationPlatforms) = postSolution
		{128AAC24-9730-424F-8FCE-E5480CB810BF}.Debug|Any CPU.ActiveCfg = Debug|Any CPU
		{128AAC24-9730-424F-8FCE-E5480CB810BF}.Debug|Any CPU.Build.0 = Debug|Any CPU
		{128AAC24-9730-424F-8FCE-E5480CB810BF}.Debug|Any CPU.Deploy.0 = Debug|Any CPU
		{128AAC24-9730-424F-8FCE-E5480CB810BF}.Release|Any CPU.ActiveCfg = Release|Any CPU
		{128AAC24-9730-424F-8FCE-E5480CB810BF}.Release|Any CPU.Build.0 = Release|Any CPU
		{128AAC24-9730-424F-8FCE-E5480CB810BF}.Release|Any CPU.Deploy.0 = Release|Any CPU
		{7429932A-0110-4D3D-B430-390362FF6750}.Debug|Any CPU.ActiveCfg = Debug|Any CPU
		{7429932A-0110-4D3D-B430-390362FF6750}.Debug|Any CPU.Build.0 = Debug|Any CPU
		{7429932A-0110-4D3D-B430-390362FF6750}.Debug|Any CPU.Deploy.0 = Debug|Any CPU
		{7429932A-0110-4D3D-B430-390362FF6750}.Release|Any CPU.ActiveCfg = Release|Any CPU
		{7429932A-0110-4D3D-B430-390362FF6750}.Release|Any CPU.Build.0 = Release|Any CPU
		{7429932A-0110-4D3D-B430-390362FF6750}.Release|Any CPU.Deploy.0 = Release|Any CPU
	EndGlobalSection
	GlobalSection(SolutionProperties) = preSolution
		HideSolutionNode = FALSE
	EndGlobalSection
	GlobalSection(ExtensibilityGlobals) = postSolution
		SolutionGuid = {AAF3B1ED-C1C1-4938-9815-55BB9367A82B}
	EndGlobalSection
EndGlobal
